// !$*UTF8*$!
{
	archiveVersion = 1;
	classes = {
	};
	objectVersion = 51;
	objects = {

/* Begin PBXBuildFile section */
		0B566CB17BA488F210C925AE /* Pods_LuGu.framework in Frameworks */ = {isa = PBXBuildFile; fileRef = 1BF168472275F1BDABEA7F49 /* Pods_LuGu.framework */; };
		0E0B2B0022B23C1300DA5D64 /* AppDelegate.swift in Sources */ = {isa = PBXBuildFile; fileRef = 0E0B2AFF22B23C1300DA5D64 /* AppDelegate.swift */; };
		0E0B2B0522B23C1300DA5D64 /* Login.storyboard in Resources */ = {isa = PBXBuildFile; fileRef = 0E0B2B0322B23C1300DA5D64 /* Login.storyboard */; };
		0E0B2B0722B23C1400DA5D64 /* Assets.xcassets in Resources */ = {isa = PBXBuildFile; fileRef = 0E0B2B0622B23C1400DA5D64 /* Assets.xcassets */; };
		0E0B2B0A22B23C1400DA5D64 /* LaunchScreen.storyboard in Resources */ = {isa = PBXBuildFile; fileRef = 0E0B2B0822B23C1400DA5D64 /* LaunchScreen.storyboard */; };
		0E0B2B1522B23C1400DA5D64 /* LuGuTests.swift in Sources */ = {isa = PBXBuildFile; fileRef = 0E0B2B1422B23C1400DA5D64 /* LuGuTests.swift */; };
		0E0B2B2022B23C1400DA5D64 /* LuGuUITests.swift in Sources */ = {isa = PBXBuildFile; fileRef = 0E0B2B1F22B23C1400DA5D64 /* LuGuUITests.swift */; };
		0E0B2B2E22B37AC700DA5D64 /* LoginViewController.swift in Sources */ = {isa = PBXBuildFile; fileRef = 0E0B2B2D22B37AC700DA5D64 /* LoginViewController.swift */; };
		0E0B2B3022B3858000DA5D64 /* BaseViewController.swift in Sources */ = {isa = PBXBuildFile; fileRef = 0E0B2B2F22B3858000DA5D64 /* BaseViewController.swift */; };
		0E0B2B3322B38FEE00DA5D64 /* PrefixHeader.swift in Sources */ = {isa = PBXBuildFile; fileRef = 0E0B2B3222B38FEE00DA5D64 /* PrefixHeader.swift */; };
		0E157B6E22F7D95E00A397B9 /* Main.storyboard in Resources */ = {isa = PBXBuildFile; fileRef = 0E157B6D22F7D95E00A397B9 /* Main.storyboard */; };
		0E38254D22C9E23C007B58BE /* LoginTextField.swift in Sources */ = {isa = PBXBuildFile; fileRef = 0E38254C22C9E23C007B58BE /* LoginTextField.swift */; };
		0E38260622CEFA10007B58BE /* UIColor+Extension.swift in Sources */ = {isa = PBXBuildFile; fileRef = 0E38260522CEFA10007B58BE /* UIColor+Extension.swift */; };
		0E38260822CF300B007B58BE /* MBProgressHUD+MJ.swift in Sources */ = {isa = PBXBuildFile; fileRef = 0E38260722CF300B007B58BE /* MBProgressHUD+MJ.swift */; };
		0EA3E5B82325F9150003A7F6 /* CategoryViewController.swift in Sources */ = {isa = PBXBuildFile; fileRef = 0EA3E5B72325F9150003A7F6 /* CategoryViewController.swift */; };
		0EA3E5BA2325FA540003A7F6 /* CategoryCollectionViewCell.swift in Sources */ = {isa = PBXBuildFile; fileRef = 0EA3E5B92325FA540003A7F6 /* CategoryCollectionViewCell.swift */; };
		0EA3E5C023264AF60003A7F6 /* HttpRequest.swift in Sources */ = {isa = PBXBuildFile; fileRef = 0EA3E5BF23264AF60003A7F6 /* HttpRequest.swift */; };
		0EA3E5C2232657520003A7F6 /* CategoryDataModel.swift in Sources */ = {isa = PBXBuildFile; fileRef = 0EA3E5C1232657520003A7F6 /* CategoryDataModel.swift */; };
		0EA3E5C42327441B0003A7F6 /* JsonUtil.swift in Sources */ = {isa = PBXBuildFile; fileRef = 0EA3E5C32327441B0003A7F6 /* JsonUtil.swift */; };
		0EA3E5C6232746500003A7F6 /* BaseModel.swift in Sources */ = {isa = PBXBuildFile; fileRef = 0EA3E5C5232746500003A7F6 /* BaseModel.swift */; };
		0EA3E5C823277BEB0003A7F6 /* UIView+Category.swift in Sources */ = {isa = PBXBuildFile; fileRef = 0EA3E5C723277BEB0003A7F6 /* UIView+Category.swift */; };
		0EA3E5CA232783E10003A7F6 /* CategoryLevel2ViewController.swift in Sources */ = {isa = PBXBuildFile; fileRef = 0EA3E5C9232783E10003A7F6 /* CategoryLevel2ViewController.swift */; };
		0EA3E5CC232897FC0003A7F6 /* CategoryLevel3ViewController.swift in Sources */ = {isa = PBXBuildFile; fileRef = 0EA3E5CB232897FC0003A7F6 /* CategoryLevel3ViewController.swift */; };
		0EBDF7532328FC80004370A3 /* QuestionTableViewCell.swift in Sources */ = {isa = PBXBuildFile; fileRef = 0EBDF7522328FC80004370A3 /* QuestionTableViewCell.swift */; };
		0EBDF755232A16CC004370A3 /* AnswerViewController.swift in Sources */ = {isa = PBXBuildFile; fileRef = 0EBDF754232A16CC004370A3 /* AnswerViewController.swift */; };
/* End PBXBuildFile section */

/* Begin PBXContainerItemProxy section */
		0E0B2B1122B23C1400DA5D64 /* PBXContainerItemProxy */ = {
			isa = PBXContainerItemProxy;
			containerPortal = 0E0B2AF422B23C1300DA5D64 /* Project object */;
			proxyType = 1;
			remoteGlobalIDString = 0E0B2AFB22B23C1300DA5D64;
			remoteInfo = LuGu;
		};
		0E0B2B1C22B23C1400DA5D64 /* PBXContainerItemProxy */ = {
			isa = PBXContainerItemProxy;
			containerPortal = 0E0B2AF422B23C1300DA5D64 /* Project object */;
			proxyType = 1;
			remoteGlobalIDString = 0E0B2AFB22B23C1300DA5D64;
			remoteInfo = LuGu;
		};
/* End PBXContainerItemProxy section */

/* Begin PBXFileReference section */
		0E0B2AFC22B23C1300DA5D64 /* LuGu.app */ = {isa = PBXFileReference; explicitFileType = wrapper.application; includeInIndex = 0; path = LuGu.app; sourceTree = BUILT_PRODUCTS_DIR; };
		0E0B2AFF22B23C1300DA5D64 /* AppDelegate.swift */ = {isa = PBXFileReference; lastKnownFileType = sourcecode.swift; path = AppDelegate.swift; sourceTree = "<group>"; };
		0E0B2B0422B23C1300DA5D64 /* Base */ = {isa = PBXFileReference; lastKnownFileType = file.storyboard; name = Base; path = Base.lproj/Login.storyboard; sourceTree = "<group>"; };
		0E0B2B0622B23C1400DA5D64 /* Assets.xcassets */ = {isa = PBXFileReference; lastKnownFileType = folder.assetcatalog; path = Assets.xcassets; sourceTree = "<group>"; };
		0E0B2B0922B23C1400DA5D64 /* Base */ = {isa = PBXFileReference; lastKnownFileType = file.storyboard; name = Base; path = Base.lproj/LaunchScreen.storyboard; sourceTree = "<group>"; };
		0E0B2B0B22B23C1400DA5D64 /* Info.plist */ = {isa = PBXFileReference; lastKnownFileType = text.plist.xml; path = Info.plist; sourceTree = "<group>"; };
		0E0B2B1022B23C1400DA5D64 /* LuGuTests.xctest */ = {isa = PBXFileReference; explicitFileType = wrapper.cfbundle; includeInIndex = 0; path = LuGuTests.xctest; sourceTree = BUILT_PRODUCTS_DIR; };
		0E0B2B1422B23C1400DA5D64 /* LuGuTests.swift */ = {isa = PBXFileReference; lastKnownFileType = sourcecode.swift; path = LuGuTests.swift; sourceTree = "<group>"; };
		0E0B2B1622B23C1400DA5D64 /* Info.plist */ = {isa = PBXFileReference; lastKnownFileType = text.plist.xml; path = Info.plist; sourceTree = "<group>"; };
		0E0B2B1B22B23C1400DA5D64 /* LuGuUITests.xctest */ = {isa = PBXFileReference; explicitFileType = wrapper.cfbundle; includeInIndex = 0; path = LuGuUITests.xctest; sourceTree = BUILT_PRODUCTS_DIR; };
		0E0B2B1F22B23C1400DA5D64 /* LuGuUITests.swift */ = {isa = PBXFileReference; lastKnownFileType = sourcecode.swift; path = LuGuUITests.swift; sourceTree = "<group>"; };
		0E0B2B2122B23C1400DA5D64 /* Info.plist */ = {isa = PBXFileReference; lastKnownFileType = text.plist.xml; path = Info.plist; sourceTree = "<group>"; };
		0E0B2B2D22B37AC700DA5D64 /* LoginViewController.swift */ = {isa = PBXFileReference; lastKnownFileType = sourcecode.swift; path = LoginViewController.swift; sourceTree = "<group>"; };
		0E0B2B2F22B3858000DA5D64 /* BaseViewController.swift */ = {isa = PBXFileReference; lastKnownFileType = sourcecode.swift; path = BaseViewController.swift; sourceTree = "<group>"; };
		0E0B2B3222B38FEE00DA5D64 /* PrefixHeader.swift */ = {isa = PBXFileReference; lastKnownFileType = sourcecode.swift; path = PrefixHeader.swift; sourceTree = "<group>"; };
		0E157B6D22F7D95E00A397B9 /* Main.storyboard */ = {isa = PBXFileReference; lastKnownFileType = file.storyboard; path = Main.storyboard; sourceTree = "<group>"; };
		0E38254C22C9E23C007B58BE /* LoginTextField.swift */ = {isa = PBXFileReference; lastKnownFileType = sourcecode.swift; path = LoginTextField.swift; sourceTree = "<group>"; };
		0E38260522CEFA10007B58BE /* UIColor+Extension.swift */ = {isa = PBXFileReference; lastKnownFileType = sourcecode.swift; path = "UIColor+Extension.swift"; sourceTree = "<group>"; };
		0E38260722CF300B007B58BE /* MBProgressHUD+MJ.swift */ = {isa = PBXFileReference; lastKnownFileType = sourcecode.swift; path = "MBProgressHUD+MJ.swift"; sourceTree = "<group>"; };
		0EA3E5B72325F9150003A7F6 /* CategoryViewController.swift */ = {isa = PBXFileReference; lastKnownFileType = sourcecode.swift; path = CategoryViewController.swift; sourceTree = "<group>"; };
		0EA3E5B92325FA540003A7F6 /* CategoryCollectionViewCell.swift */ = {isa = PBXFileReference; lastKnownFileType = sourcecode.swift; path = CategoryCollectionViewCell.swift; sourceTree = "<group>"; };
		0EA3E5BF23264AF60003A7F6 /* HttpRequest.swift */ = {isa = PBXFileReference; lastKnownFileType = sourcecode.swift; path = HttpRequest.swift; sourceTree = "<group>"; };
		0EA3E5C1232657520003A7F6 /* CategoryDataModel.swift */ = {isa = PBXFileReference; lastKnownFileType = sourcecode.swift; path = CategoryDataModel.swift; sourceTree = "<group>"; };
		0EA3E5C32327441B0003A7F6 /* JsonUtil.swift */ = {isa = PBXFileReference; lastKnownFileType = sourcecode.swift; path = JsonUtil.swift; sourceTree = "<group>"; };
		0EA3E5C5232746500003A7F6 /* BaseModel.swift */ = {isa = PBXFileReference; lastKnownFileType = sourcecode.swift; path = BaseModel.swift; sourceTree = "<group>"; };
		0EA3E5C723277BEB0003A7F6 /* UIView+Category.swift */ = {isa = PBXFileReference; lastKnownFileType = sourcecode.swift; path = "UIView+Category.swift"; sourceTree = "<group>"; };
		0EA3E5C9232783E10003A7F6 /* CategoryLevel2ViewController.swift */ = {isa = PBXFileReference; lastKnownFileType = sourcecode.swift; path = CategoryLevel2ViewController.swift; sourceTree = "<group>"; };
		0EA3E5CB232897FC0003A7F6 /* CategoryLevel3ViewController.swift */ = {isa = PBXFileReference; lastKnownFileType = sourcecode.swift; path = CategoryLevel3ViewController.swift; sourceTree = "<group>"; };
		0EBDF7522328FC80004370A3 /* QuestionTableViewCell.swift */ = {isa = PBXFileReference; lastKnownFileType = sourcecode.swift; path = QuestionTableViewCell.swift; sourceTree = "<group>"; };
		0EBDF754232A16CC004370A3 /* AnswerViewController.swift */ = {isa = PBXFileReference; lastKnownFileType = sourcecode.swift; path = AnswerViewController.swift; sourceTree = "<group>"; };
		1BF168472275F1BDABEA7F49 /* Pods_LuGu.framework */ = {isa = PBXFileReference; explicitFileType = wrapper.framework; includeInIndex = 0; path = Pods_LuGu.framework; sourceTree = BUILT_PRODUCTS_DIR; };
		78E823E6C361B08F5674D80B /* Pods-LuGu.release.xcconfig */ = {isa = PBXFileReference; includeInIndex = 1; lastKnownFileType = text.xcconfig; name = "Pods-LuGu.release.xcconfig"; path = "Target Support Files/Pods-LuGu/Pods-LuGu.release.xcconfig"; sourceTree = "<group>"; };
		C5809B4AA93DE796B41181F7 /* Pods-LuGu.debug.xcconfig */ = {isa = PBXFileReference; includeInIndex = 1; lastKnownFileType = text.xcconfig; name = "Pods-LuGu.debug.xcconfig"; path = "Target Support Files/Pods-LuGu/Pods-LuGu.debug.xcconfig"; sourceTree = "<group>"; };
/* End PBXFileReference section */

/* Begin PBXFrameworksBuildPhase section */
		0E0B2AF922B23C1300DA5D64 /* Frameworks */ = {
			isa = PBXFrameworksBuildPhase;
			buildActionMask = 2147483647;
			files = (
				0B566CB17BA488F210C925AE /* Pods_LuGu.framework in Frameworks */,
			);
			runOnlyForDeploymentPostprocessing = 0;
		};
		0E0B2B0D22B23C1400DA5D64 /* Frameworks */ = {
			isa = PBXFrameworksBuildPhase;
			buildActionMask = 2147483647;
			files = (
			);
			runOnlyForDeploymentPostprocessing = 0;
		};
		0E0B2B1822B23C1400DA5D64 /* Frameworks */ = {
			isa = PBXFrameworksBuildPhase;
			buildActionMask = 2147483647;
			files = (
			);
			runOnlyForDeploymentPostprocessing = 0;
		};
/* End PBXFrameworksBuildPhase section */

/* Begin PBXGroup section */
		03A70155D31E06159935C949 /* Pods */ = {
			isa = PBXGroup;
			children = (
				C5809B4AA93DE796B41181F7 /* Pods-LuGu.debug.xcconfig */,
				78E823E6C361B08F5674D80B /* Pods-LuGu.release.xcconfig */,
			);
			path = Pods;
			sourceTree = "<group>";
		};
		0E0B2AF322B23C1300DA5D64 = {
			isa = PBXGroup;
			children = (
				0E0B2AFE22B23C1300DA5D64 /* LuGu */,
				0E0B2B1322B23C1400DA5D64 /* LuGuTests */,
				0E0B2B1E22B23C1400DA5D64 /* LuGuUITests */,
				0E0B2AFD22B23C1300DA5D64 /* Products */,
				03A70155D31E06159935C949 /* Pods */,
				EF0C02924C47B74B6192DEE9 /* Frameworks */,
			);
			sourceTree = "<group>";
		};
		0E0B2AFD22B23C1300DA5D64 /* Products */ = {
			isa = PBXGroup;
			children = (
				0E0B2AFC22B23C1300DA5D64 /* LuGu.app */,
				0E0B2B1022B23C1400DA5D64 /* LuGuTests.xctest */,
				0E0B2B1B22B23C1400DA5D64 /* LuGuUITests.xctest */,
			);
			name = Products;
			sourceTree = "<group>";
		};
		0E0B2AFE22B23C1300DA5D64 /* LuGu */ = {
			isa = PBXGroup;
			children = (
				0EA3E5B62325F8D00003A7F6 /* Category */,
				0E157B6C22F679F400A397B9 /* Base */,
				0E157B6B22F679EF00A397B9 /* Login */,
				0E0B2B0322B23C1300DA5D64 /* Login.storyboard */,
				0E157B6D22F7D95E00A397B9 /* Main.storyboard */,
				0E0B2B0622B23C1400DA5D64 /* Assets.xcassets */,
				0E0B2B0822B23C1400DA5D64 /* LaunchScreen.storyboard */,
				0E0B2B0B22B23C1400DA5D64 /* Info.plist */,
				0E38260522CEFA10007B58BE /* UIColor+Extension.swift */,
				0E38260722CF300B007B58BE /* MBProgressHUD+MJ.swift */,
			);
			path = LuGu;
			sourceTree = "<group>";
		};
		0E0B2B1322B23C1400DA5D64 /* LuGuTests */ = {
			isa = PBXGroup;
			children = (
				0E0B2B1422B23C1400DA5D64 /* LuGuTests.swift */,
				0E0B2B1622B23C1400DA5D64 /* Info.plist */,
			);
			path = LuGuTests;
			sourceTree = "<group>";
		};
		0E0B2B1E22B23C1400DA5D64 /* LuGuUITests */ = {
			isa = PBXGroup;
			children = (
				0E0B2B1F22B23C1400DA5D64 /* LuGuUITests.swift */,
				0E0B2B2122B23C1400DA5D64 /* Info.plist */,
			);
			path = LuGuUITests;
			sourceTree = "<group>";
		};
		0E157B6B22F679EF00A397B9 /* Login */ = {
			isa = PBXGroup;
			children = (
				0E0B2B2D22B37AC700DA5D64 /* LoginViewController.swift */,
				0E0B2B2F22B3858000DA5D64 /* BaseViewController.swift */,
				0E38254C22C9E23C007B58BE /* LoginTextField.swift */,
			);
			path = Login;
			sourceTree = "<group>";
		};
		0E157B6C22F679F400A397B9 /* Base */ = {
			isa = PBXGroup;
			children = (
				0E0B2B3222B38FEE00DA5D64 /* PrefixHeader.swift */,
				0E0B2AFF22B23C1300DA5D64 /* AppDelegate.swift */,
				0EA3E5BF23264AF60003A7F6 /* HttpRequest.swift */,
				0EA3E5C723277BEB0003A7F6 /* UIView+Category.swift */,
			);
			path = Base;
			sourceTree = "<group>";
		};
		0EA3E5B62325F8D00003A7F6 /* Category */ = {
			isa = PBXGroup;
			children = (
				0EA3E5C9232783E10003A7F6 /* CategoryLevel2ViewController.swift */,
				0EA3E5CB232897FC0003A7F6 /* CategoryLevel3ViewController.swift */,
				0EA3E5B72325F9150003A7F6 /* CategoryViewController.swift */,
				0EA3E5B92325FA540003A7F6 /* CategoryCollectionViewCell.swift */,
				0EA3E5C1232657520003A7F6 /* CategoryDataModel.swift */,
				0EA3E5C32327441B0003A7F6 /* JsonUtil.swift */,
				0EA3E5C5232746500003A7F6 /* BaseModel.swift */,
				0EBDF7522328FC80004370A3 /* QuestionTableViewCell.swift */,
				0EBDF754232A16CC004370A3 /* AnswerViewController.swift */,
			);
			path = Category;
			sourceTree = "<group>";
		};
		EF0C02924C47B74B6192DEE9 /* Frameworks */ = {
			isa = PBXGroup;
			children = (
				1BF168472275F1BDABEA7F49 /* Pods_LuGu.framework */,
			);
			name = Frameworks;
			sourceTree = "<group>";
		};
/* End PBXGroup section */

/* Begin PBXNativeTarget section */
		0E0B2AFB22B23C1300DA5D64 /* LuGu */ = {
			isa = PBXNativeTarget;
			buildConfigurationList = 0E0B2B2422B23C1400DA5D64 /* Build configuration list for PBXNativeTarget "LuGu" */;
			buildPhases = (
				8821E25ED475C2EC1F14886F /* [CP] Check Pods Manifest.lock */,
				0E0B2AF822B23C1300DA5D64 /* Sources */,
				0E0B2AF922B23C1300DA5D64 /* Frameworks */,
				0E0B2AFA22B23C1300DA5D64 /* Resources */,
				213B80F4DB00455DFE7A2BD8 /* [CP] Embed Pods Frameworks */,
			);
			buildRules = (
			);
			dependencies = (
			);
			name = LuGu;
			productName = LuGu;
			productReference = 0E0B2AFC22B23C1300DA5D64 /* LuGu.app */;
			productType = "com.apple.product-type.application";
		};
		0E0B2B0F22B23C1400DA5D64 /* LuGuTests */ = {
			isa = PBXNativeTarget;
			buildConfigurationList = 0E0B2B2722B23C1400DA5D64 /* Build configuration list for PBXNativeTarget "LuGuTests" */;
			buildPhases = (
				0E0B2B0C22B23C1400DA5D64 /* Sources */,
				0E0B2B0D22B23C1400DA5D64 /* Frameworks */,
				0E0B2B0E22B23C1400DA5D64 /* Resources */,
			);
			buildRules = (
			);
			dependencies = (
				0E0B2B1222B23C1400DA5D64 /* PBXTargetDependency */,
			);
			name = LuGuTests;
			productName = LuGuTests;
			productReference = 0E0B2B1022B23C1400DA5D64 /* LuGuTests.xctest */;
			productType = "com.apple.product-type.bundle.unit-test";
		};
		0E0B2B1A22B23C1400DA5D64 /* LuGuUITests */ = {
			isa = PBXNativeTarget;
			buildConfigurationList = 0E0B2B2A22B23C1400DA5D64 /* Build configuration list for PBXNativeTarget "LuGuUITests" */;
			buildPhases = (
				0E0B2B1722B23C1400DA5D64 /* Sources */,
				0E0B2B1822B23C1400DA5D64 /* Frameworks */,
				0E0B2B1922B23C1400DA5D64 /* Resources */,
			);
			buildRules = (
			);
			dependencies = (
				0E0B2B1D22B23C1400DA5D64 /* PBXTargetDependency */,
			);
			name = LuGuUITests;
			productName = LuGuUITests;
			productReference = 0E0B2B1B22B23C1400DA5D64 /* LuGuUITests.xctest */;
			productType = "com.apple.product-type.bundle.ui-testing";
		};
/* End PBXNativeTarget section */

/* Begin PBXProject section */
		0E0B2AF422B23C1300DA5D64 /* Project object */ = {
			isa = PBXProject;
			attributes = {
				LastSwiftUpdateCheck = 1020;
				LastUpgradeCheck = 1020;
				ORGANIZATIONNAME = odianyun;
				TargetAttributes = {
					0E0B2AFB22B23C1300DA5D64 = {
						CreatedOnToolsVersion = 10.2.1;
					};
					0E0B2B0F22B23C1400DA5D64 = {
						CreatedOnToolsVersion = 10.2.1;
						TestTargetID = 0E0B2AFB22B23C1300DA5D64;
					};
					0E0B2B1A22B23C1400DA5D64 = {
						CreatedOnToolsVersion = 10.2.1;
						TestTargetID = 0E0B2AFB22B23C1300DA5D64;
					};
				};
			};
			buildConfigurationList = 0E0B2AF722B23C1300DA5D64 /* Build configuration list for PBXProject "LuGu" */;
			compatibilityVersion = "Xcode 9.3";
			developmentRegion = en;
			hasScannedForEncodings = 0;
			knownRegions = (
				en,
				Base,
			);
			mainGroup = 0E0B2AF322B23C1300DA5D64;
			productRefGroup = 0E0B2AFD22B23C1300DA5D64 /* Products */;
			projectDirPath = "";
			projectRoot = "";
			targets = (
				0E0B2AFB22B23C1300DA5D64 /* LuGu */,
				0E0B2B0F22B23C1400DA5D64 /* LuGuTests */,
				0E0B2B1A22B23C1400DA5D64 /* LuGuUITests */,
			);
		};
/* End PBXProject section */

/* Begin PBXResourcesBuildPhase section */
		0E0B2AFA22B23C1300DA5D64 /* Resources */ = {
			isa = PBXResourcesBuildPhase;
			buildActionMask = 2147483647;
			files = (
				0E0B2B0A22B23C1400DA5D64 /* LaunchScreen.storyboard in Resources */,
				0E0B2B0722B23C1400DA5D64 /* Assets.xcassets in Resources */,
				0E0B2B0522B23C1300DA5D64 /* Login.storyboard in Resources */,
				0E157B6E22F7D95E00A397B9 /* Main.storyboard in Resources */,
			);
			runOnlyForDeploymentPostprocessing = 0;
		};
		0E0B2B0E22B23C1400DA5D64 /* Resources */ = {
			isa = PBXResourcesBuildPhase;
			buildActionMask = 2147483647;
			files = (
			);
			runOnlyForDeploymentPostprocessing = 0;
		};
		0E0B2B1922B23C1400DA5D64 /* Resources */ = {
			isa = PBXResourcesBuildPhase;
			buildActionMask = 2147483647;
			files = (
			);
			runOnlyForDeploymentPostprocessing = 0;
		};
/* End PBXResourcesBuildPhase section */

/* Begin PBXShellScriptBuildPhase section */
		213B80F4DB00455DFE7A2BD8 /* [CP] Embed Pods Frameworks */ = {
			isa = PBXShellScriptBuildPhase;
			buildActionMask = 2147483647;
			files = (
			);
			inputFileListPaths = (
				"${PODS_ROOT}/Target Support Files/Pods-LuGu/Pods-LuGu-frameworks-${CONFIGURATION}-input-files.xcfilelist",
			);
			name = "[CP] Embed Pods Frameworks";
			outputFileListPaths = (
				"${PODS_ROOT}/Target Support Files/Pods-LuGu/Pods-LuGu-frameworks-${CONFIGURATION}-output-files.xcfilelist",
			);
			runOnlyForDeploymentPostprocessing = 0;
			shellPath = /bin/sh;
			shellScript = "\"${PODS_ROOT}/Target Support Files/Pods-LuGu/Pods-LuGu-frameworks.sh\"\n";
			showEnvVarsInLog = 0;
		};
		8821E25ED475C2EC1F14886F /* [CP] Check Pods Manifest.lock */ = {
			isa = PBXShellScriptBuildPhase;
			buildActionMask = 2147483647;
			files = (
			);
			inputFileListPaths = (
			);
			inputPaths = (
				"${PODS_PODFILE_DIR_PATH}/Podfile.lock",
				"${PODS_ROOT}/Manifest.lock",
			);
			name = "[CP] Check Pods Manifest.lock";
			outputFileListPaths = (
			);
			outputPaths = (
				"$(DERIVED_FILE_DIR)/Pods-LuGu-checkManifestLockResult.txt",
			);
			runOnlyForDeploymentPostprocessing = 0;
			shellPath = /bin/sh;
			shellScript = "diff \"${PODS_PODFILE_DIR_PATH}/Podfile.lock\" \"${PODS_ROOT}/Manifest.lock\" > /dev/null\nif [ $? != 0 ] ; then\n    # print error to STDERR\n    echo \"error: The sandbox is not in sync with the Podfile.lock. Run 'pod install' or update your CocoaPods installation.\" >&2\n    exit 1\nfi\n# This output is used by Xcode 'outputs' to avoid re-running this script phase.\necho \"SUCCESS\" > \"${SCRIPT_OUTPUT_FILE_0}\"\n";
			showEnvVarsInLog = 0;
		};
/* End PBXShellScriptBuildPhase section */

/* Begin PBXSourcesBuildPhase section */
		0E0B2AF822B23C1300DA5D64 /* Sources */ = {
			isa = PBXSourcesBuildPhase;
			buildActionMask = 2147483647;
			files = (
				0E38260822CF300B007B58BE /* MBProgressHUD+MJ.swift in Sources */,
				0EA3E5C823277BEB0003A7F6 /* UIView+Category.swift in Sources */,
				0E38260622CEFA10007B58BE /* UIColor+Extension.swift in Sources */,
				0E0B2B2E22B37AC700DA5D64 /* LoginViewController.swift in Sources */,
				0E0B2B3022B3858000DA5D64 /* BaseViewController.swift in Sources */,
				0EA3E5C023264AF60003A7F6 /* HttpRequest.swift in Sources */,
				0EA3E5BA2325FA540003A7F6 /* CategoryCollectionViewCell.swift in Sources */,
				0EA3E5B82325F9150003A7F6 /* CategoryViewController.swift in Sources */,
				0EA3E5C2232657520003A7F6 /* CategoryDataModel.swift in Sources */,
				0EBDF7532328FC80004370A3 /* QuestionTableViewCell.swift in Sources */,
				0EA3E5C6232746500003A7F6 /* BaseModel.swift in Sources */,
				0EA3E5C42327441B0003A7F6 /* JsonUtil.swift in Sources */,
				0EBDF755232A16CC004370A3 /* AnswerViewController.swift in Sources */,
				0E38254D22C9E23C007B58BE /* LoginTextField.swift in Sources */,
				0E0B2B0022B23C1300DA5D64 /* AppDelegate.swift in Sources */,
				0E0B2B3322B38FEE00DA5D64 /* PrefixHeader.swift in Sources */,
				0EA3E5CA232783E10003A7F6 /* CategoryLevel2ViewController.swift in Sources */,
				0EA3E5CC232897FC0003A7F6 /* CategoryLevel3ViewController.swift in Sources */,
			);
			runOnlyForDeploymentPostprocessing = 0;
		};
		0E0B2B0C22B23C1400DA5D64 /* Sources */ = {
			isa = PBXSourcesBuildPhase;
			buildActionMask = 2147483647;
			files = (
				0E0B2B1522B23C1400DA5D64 /* LuGuTests.swift in Sources */,
			);
			runOnlyForDeploymentPostprocessing = 0;
		};
		0E0B2B1722B23C1400DA5D64 /* Sources */ = {
			isa = PBXSourcesBuildPhase;
			buildActionMask = 2147483647;
			files = (
				0E0B2B2022B23C1400DA5D64 /* LuGuUITests.swift in Sources */,
			);
			runOnlyForDeploymentPostprocessing = 0;
		};
/* End PBXSourcesBuildPhase section */

/* Begin PBXTargetDependency section */
		0E0B2B1222B23C1400DA5D64 /* PBXTargetDependency */ = {
			isa = PBXTargetDependency;
			target = 0E0B2AFB22B23C1300DA5D64 /* LuGu */;
			targetProxy = 0E0B2B1122B23C1400DA5D64 /* PBXContainerItemProxy */;
		};
		0E0B2B1D22B23C1400DA5D64 /* PBXTargetDependency */ = {
			isa = PBXTargetDependency;
			target = 0E0B2AFB22B23C1300DA5D64 /* LuGu */;
			targetProxy = 0E0B2B1C22B23C1400DA5D64 /* PBXContainerItemProxy */;
		};
/* End PBXTargetDependency section */

/* Begin PBXVariantGroup section */
		0E0B2B0322B23C1300DA5D64 /* Login.storyboard */ = {
			isa = PBXVariantGroup;
			children = (
				0E0B2B0422B23C1300DA5D64 /* Base */,
			);
			name = Login.storyboard;
			sourceTree = "<group>";
		};
		0E0B2B0822B23C1400DA5D64 /* LaunchScreen.storyboard */ = {
			isa = PBXVariantGroup;
			children = (
				0E0B2B0922B23C1400DA5D64 /* Base */,
			);
			name = LaunchScreen.storyboard;
			sourceTree = "<group>";
		};
/* End PBXVariantGroup section */

/* Begin XCBuildConfiguration section */
		0E0B2B2222B23C1400DA5D64 /* Debug */ = {
			isa = XCBuildConfiguration;
			buildSettings = {
				ALWAYS_SEARCH_USER_PATHS = NO;
				CLANG_ANALYZER_NONNULL = YES;
				CLANG_ANALYZER_NUMBER_OBJECT_CONVERSION = YES_AGGRESSIVE;
				CLANG_CXX_LANGUAGE_STANDARD = "gnu++14";
				CLANG_CXX_LIBRARY = "libc++";
				CLANG_ENABLE_MODULES = YES;
				CLANG_ENABLE_OBJC_ARC = YES;
				CLANG_ENABLE_OBJC_WEAK = YES;
				CLANG_WARN_BLOCK_CAPTURE_AUTORELEASING = YES;
				CLANG_WARN_BOOL_CONVERSION = YES;
				CLANG_WARN_COMMA = YES;
				CLANG_WARN_CONSTANT_CONVERSION = YES;
				CLANG_WARN_DEPRECATED_OBJC_IMPLEMENTATIONS = YES;
				CLANG_WARN_DIRECT_OBJC_ISA_USAGE = YES_ERROR;
				CLANG_WARN_DOCUMENTATION_COMMENTS = YES;
				CLANG_WARN_EMPTY_BODY = YES;
				CLANG_WARN_ENUM_CONVERSION = YES;
				CLANG_WARN_INFINITE_RECURSION = YES;
				CLANG_WARN_INT_CONVERSION = YES;
				CLANG_WARN_NON_LITERAL_NULL_CONVERSION = YES;
				CLANG_WARN_OBJC_IMPLICIT_RETAIN_SELF = YES;
				CLANG_WARN_OBJC_LITERAL_CONVERSION = YES;
				CLANG_WARN_OBJC_ROOT_CLASS = YES_ERROR;
				CLANG_WARN_RANGE_LOOP_ANALYSIS = YES;
				CLANG_WARN_STRICT_PROTOTYPES = YES;
				CLANG_WARN_SUSPICIOUS_MOVE = YES;
				CLANG_WARN_UNGUARDED_AVAILABILITY = YES_AGGRESSIVE;
				CLANG_WARN_UNREACHABLE_CODE = YES;
				CLANG_WARN__DUPLICATE_METHOD_MATCH = YES;
				CODE_SIGN_IDENTITY = "iPhone Developer";
				COPY_PHASE_STRIP = NO;
				DEBUG_INFORMATION_FORMAT = dwarf;
				ENABLE_STRICT_OBJC_MSGSEND = YES;
				ENABLE_TESTABILITY = YES;
				GCC_C_LANGUAGE_STANDARD = gnu11;
				GCC_DYNAMIC_NO_PIC = NO;
				GCC_NO_COMMON_BLOCKS = YES;
				GCC_OPTIMIZATION_LEVEL = 0;
				GCC_PREPROCESSOR_DEFINITIONS = (
					"DEBUG=1",
					"$(inherited)",
				);
				GCC_WARN_64_TO_32_BIT_CONVERSION = YES;
				GCC_WARN_ABOUT_RETURN_TYPE = YES_ERROR;
				GCC_WARN_UNDECLARED_SELECTOR = YES;
				GCC_WARN_UNINITIALIZED_AUTOS = YES_AGGRESSIVE;
				GCC_WARN_UNUSED_FUNCTION = YES;
				GCC_WARN_UNUSED_VARIABLE = YES;
				IPHONEOS_DEPLOYMENT_TARGET = 12.2;
				MTL_ENABLE_DEBUG_INFO = INCLUDE_SOURCE;
				MTL_FAST_MATH = YES;
				ONLY_ACTIVE_ARCH = YES;
				SDKROOT = iphoneos;
				SWIFT_ACTIVE_COMPILATION_CONDITIONS = DEBUG;
				SWIFT_OPTIMIZATION_LEVEL = "-Onone";
			};
			name = Debug;
		};
		0E0B2B2322B23C1400DA5D64 /* Release */ = {
			isa = XCBuildConfiguration;
			buildSettings = {
				ALWAYS_SEARCH_USER_PATHS = NO;
				CLANG_ANALYZER_NONNULL = YES;
				CLANG_ANALYZER_NUMBER_OBJECT_CONVERSION = YES_AGGRESSIVE;
				CLANG_CXX_LANGUAGE_STANDARD = "gnu++14";
				CLANG_CXX_LIBRARY = "libc++";
				CLANG_ENABLE_MODULES = YES;
				CLANG_ENABLE_OBJC_ARC = YES;
				CLANG_ENABLE_OBJC_WEAK = YES;
				CLANG_WARN_BLOCK_CAPTURE_AUTORELEASING = YES;
				CLANG_WARN_BOOL_CONVERSION = YES;
				CLANG_WARN_COMMA = YES;
				CLANG_WARN_CONSTANT_CONVERSION = YES;
				CLANG_WARN_DEPRECATED_OBJC_IMPLEMENTATIONS = YES;
				CLANG_WARN_DIRECT_OBJC_ISA_USAGE = YES_ERROR;
				CLANG_WARN_DOCUMENTATION_COMMENTS = YES;
				CLANG_WARN_EMPTY_BODY = YES;
				CLANG_WARN_ENUM_CONVERSION = YES;
				CLANG_WARN_INFINITE_RECURSION = YES;
				CLANG_WARN_INT_CONVERSION = YES;
				CLANG_WARN_NON_LITERAL_NULL_CONVERSION = YES;
				CLANG_WARN_OBJC_IMPLICIT_RETAIN_SELF = YES;
				CLANG_WARN_OBJC_LITERAL_CONVERSION = YES;
				CLANG_WARN_OBJC_ROOT_CLASS = YES_ERROR;
				CLANG_WARN_RANGE_LOOP_ANALYSIS = YES;
				CLANG_WARN_STRICT_PROTOTYPES = YES;
				CLANG_WARN_SUSPICIOUS_MOVE = YES;
				CLANG_WARN_UNGUARDED_AVAILABILITY = YES_AGGRESSIVE;
				CLANG_WARN_UNREACHABLE_CODE = YES;
				CLANG_WARN__DUPLICATE_METHOD_MATCH = YES;
				CODE_SIGN_IDENTITY = "iPhone Developer";
				COPY_PHASE_STRIP = NO;
				DEBUG_INFORMATION_FORMAT = "dwarf-with-dsym";
				ENABLE_NS_ASSERTIONS = NO;
				ENABLE_STRICT_OBJC_MSGSEND = YES;
				GCC_C_LANGUAGE_STANDARD = gnu11;
				GCC_NO_COMMON_BLOCKS = YES;
				GCC_WARN_64_TO_32_BIT_CONVERSION = YES;
				GCC_WARN_ABOUT_RETURN_TYPE = YES_ERROR;
				GCC_WARN_UNDECLARED_SELECTOR = YES;
				GCC_WARN_UNINITIALIZED_AUTOS = YES_AGGRESSIVE;
				GCC_WARN_UNUSED_FUNCTION = YES;
				GCC_WARN_UNUSED_VARIABLE = YES;
				IPHONEOS_DEPLOYMENT_TARGET = 12.2;
				MTL_ENABLE_DEBUG_INFO = NO;
				MTL_FAST_MATH = YES;
				SDKROOT = iphoneos;
				SWIFT_COMPILATION_MODE = wholemodule;
				SWIFT_OPTIMIZATION_LEVEL = "-O";
				VALIDATE_PRODUCT = YES;
			};
			name = Release;
		};
		0E0B2B2522B23C1400DA5D64 /* Debug */ = {
			isa = XCBuildConfiguration;
			baseConfigurationReference = C5809B4AA93DE796B41181F7 /* Pods-LuGu.debug.xcconfig */;
			buildSettings = {
				ASSETCATALOG_COMPILER_APPICON_NAME = AppIcon;
				CODE_SIGN_STYLE = Automatic;
				DEVELOPMENT_TEAM = P9MR69K9M4;
				INFOPLIST_FILE = LuGu/Info.plist;
				IPHONEOS_DEPLOYMENT_TARGET = 9.0;
				LD_RUNPATH_SEARCH_PATHS = (
					"$(inherited)",
					"@executable_path/Frameworks",
				);
				PRODUCT_BUNDLE_IDENTIFIER = ody.com.LuGu;
				PRODUCT_NAME = "$(TARGET_NAME)";
				SWIFT_VERSION = 5.0;
				TARGETED_DEVICE_FAMILY = "1,2";
			};
			name = Debug;
		};
		0E0B2B2622B23C1400DA5D64 /* Release */ = {
			isa = XCBuildConfiguration;
			baseConfigurationReference = 78E823E6C361B08F5674D80B /* Pods-LuGu.release.xcconfig */;
			buildSettings = {
				ASSETCATALOG_COMPILER_APPICON_NAME = AppIcon;
				CODE_SIGN_STYLE = Automatic;
				DEVELOPMENT_TEAM = P9MR69K9M4;
				INFOPLIST_FILE = LuGu/Info.plist;
				IPHONEOS_DEPLOYMENT_TARGET = 9.0;
				LD_RUNPATH_SEARCH_PATHS = (
					"$(inherited)",
					"@executable_path/Frameworks",
				);
				PRODUCT_BUNDLE_IDENTIFIER = ody.com.LuGu;
				PRODUCT_NAME = "$(TARGET_NAME)";
				SWIFT_VERSION = 5.0;
				TARGETED_DEVICE_FAMILY = "1,2";
			};
			name = Release;
		};
		0E0B2B2822B23C1400DA5D64 /* Debug */ = {
			isa = XCBuildConfiguration;
			buildSettings = {
				ALWAYS_EMBED_SWIFT_STANDARD_LIBRARIES = YES;
				BUNDLE_LOADER = "$(TEST_HOST)";
				CODE_SIGN_STYLE = Automatic;
				DEVELOPMENT_TEAM = P9MR69K9M4;
				INFOPLIST_FILE = LuGuTests/Info.plist;
				LD_RUNPATH_SEARCH_PATHS = (
					"$(inherited)",
					"@executable_path/Frameworks",
					"@loader_path/Frameworks",
				);
				PRODUCT_BUNDLE_IDENTIFIER = "-106TestDemo.com.LuGuTests";
				PRODUCT_NAME = "$(TARGET_NAME)";
				SWIFT_VERSION = 5.0;
				TARGETED_DEVICE_FAMILY = "1,2";
				TEST_HOST = "$(BUILT_PRODUCTS_DIR)/LuGu.app/LuGu";
			};
			name = Debug;
		};
		0E0B2B2922B23C1400DA5D64 /* Release */ = {
			isa = XCBuildConfiguration;
			buildSettings = {
				ALWAYS_EMBED_SWIFT_STANDARD_LIBRARIES = YES;
				BUNDLE_LOADER = "$(TEST_HOST)";
				CODE_SIGN_STYLE = Automatic;
				DEVELOPMENT_TEAM = P9MR69K9M4;
				INFOPLIST_FILE = LuGuTests/Info.plist;
				LD_RUNPATH_SEARCH_PATHS = (
					"$(inherited)",
					"@executable_path/Frameworks",
					"@loader_path/Frameworks",
				);
				PRODUCT_BUNDLE_IDENTIFIER = "-106TestDemo.com.LuGuTests";
				PRODUCT_NAME = "$(TARGET_NAME)";
				SWIFT_VERSION = 5.0;
				TARGETED_DEVICE_FAMILY = "1,2";
				TEST_HOST = "$(BUILT_PRODUCTS_DIR)/LuGu.app/LuGu";
			};
			name = Release;
		};
		0E0B2B2B22B23C1400DA5D64 /* Debug */ = {
			isa = XCBuildConfiguration;
			buildSettings = {
				ALWAYS_EMBED_SWIFT_STANDARD_LIBRARIES = YES;
				CODE_SIGN_STYLE = Automatic;
				DEVELOPMENT_TEAM = P9MR69K9M4;
				INFOPLIST_FILE = LuGuUITests/Info.plist;
				LD_RUNPATH_SEARCH_PATHS = (
					"$(inherited)",
					"@executable_path/Frameworks",
					"@loader_path/Frameworks",
				);
				PRODUCT_BUNDLE_IDENTIFIER = "-106TestDemo.com.LuGuUITests";
				PRODUCT_NAME = "$(TARGET_NAME)";
				SWIFT_VERSION = 5.0;
				TARGETED_DEVICE_FAMILY = "1,2";
				TEST_TARGET_NAME = LuGu;
			};
			name = Debug;
		};
		0E0B2B2C22B23C1400DA5D64 /* Release */ = {
			isa = XCBuildConfiguration;
			buildSettings = {
				ALWAYS_EMBED_SWIFT_STANDARD_LIBRARIES = YES;
				CODE_SIGN_STYLE = Automatic;
				DEVELOPMENT_TEAM = P9MR69K9M4;
				INFOPLIST_FILE = LuGuUITests/Info.plist;
				LD_RUNPATH_SEARCH_PATHS = (
					"$(inherited)",
					"@executable_path/Frameworks",
					"@loader_path/Frameworks",
				);
				PRODUCT_BUNDLE_IDENTIFIER = "-106TestDemo.com.LuGuUITests";
				PRODUCT_NAME = "$(TARGET_NAME)";
				SWIFT_VERSION = 5.0;
				TARGETED_DEVICE_FAMILY = "1,2";
				TEST_TARGET_NAME = LuGu;
			};
			name = Release;
		};
/* End XCBuildConfiguration section */

/* Begin XCConfigurationList section */
		0E0B2AF722B23C1300DA5D64 /* Build configuration list for PBXProject "LuGu" */ = {
			isa = XCConfigurationList;
			buildConfigurations = (
				0E0B2B2222B23C1400DA5D64 /* Debug */,
				0E0B2B2322B23C1400DA5D64 /* Release */,
			);
			defaultConfigurationIsVisible = 0;
			defaultConfigurationName = Release;
		};
		0E0B2B2422B23C1400DA5D64 /* Build configuration list for PBXNativeTarget "LuGu" */ = {
			isa = XCConfigurationList;
			buildConfigurations = (
				0E0B2B2522B23C1400DA5D64 /* Debug */,
				0E0B2B2622B23C1400DA5D64 /* Release */,
			);
			defaultConfigurationIsVisible = 0;
			defaultConfigurationName = Release;
		};
		0E0B2B2722B23C1400DA5D64 /* Build configuration list for PBXNativeTarget "LuGuTests" */ = {
			isa = XCConfigurationList;
			buildConfigurations = (
				0E0B2B2822B23C1400DA5D64 /* Debug */,
				0E0B2B2922B23C1400DA5D64 /* Release */,
			);
			defaultConfigurationIsVisible = 0;
			defaultConfigurationName = Release;
		};
		0E0B2B2A22B23C1400DA5D64 /* Build configuration list for PBXNativeTarget "LuGuUITests" */ = {
			isa = XCConfigurationList;
			buildConfigurations = (
				0E0B2B2B22B23C1400DA5D64 /* Debug */,
				0E0B2B2C22B23C1400DA5D64 /* Release */,
			);
			defaultConfigurationIsVisible = 0;
			defaultConfigurationName = Release;
		};
/* End XCConfigurationList section */
	};
	rootObject = 0E0B2AF422B23C1300DA5D64 /* Project object */;
}
